<?xml version="1.0" encoding="UTF-8" standalone="yes" ?>
<CodeBlocks_project_file>
	<FileVersion major="1" minor="6" />
	<Project>
		<Option title="AVsimCompiler" />
		<Option pch_mode="2" />
		<Option compiler="gcc" />
		<Build>
			<Target title="Debug">
				<Option output="bin/Debug/AVsimCompiler" prefix_auto="1" extension_auto="1" />
				<Option object_output="obj/Debug/" />
				<Option type="1" />
				<Option compiler="gcc" />
				<Compiler>
					<Add option="-g" />
					<Add option="-DTEST_ENABLE" />
				</Compiler>
			</Target>
			<Target title="Release">
				<Option output="bin/Release/AVsimCompiler" prefix_auto="1" extension_auto="1" />
				<Option object_output="obj/Release/" />
				<Option type="1" />
				<Option compiler="gcc" />
				<Compiler>
					<Add option="-O2" />
				</Compiler>
				<Linker>
					<Add option="-s" />
				</Linker>
			</Target>
		</Build>
		<Compiler>
			<Add option="-Wall" />
		</Compiler>
		<Unit filename="source/common.c">
			<Option compilerVar="CC" />
		</Unit>
		<Unit filename="source/common.h" />
		<Unit filename="source/compile.c">
			<Option compilerVar="CC" />
		</Unit>
		<Unit filename="source/compile.h" />
		<Unit filename="source/file_access.c">
			<Option compilerVar="CC" />
		</Unit>
		<Unit filename="source/file_access.h" />
		<Unit filename="source/help.c">
			<Option compilerVar="CC" />
		</Unit>
		<Unit filename="source/help.h" />
		<Unit filename="source/main.c">
			<Option compilerVar="CC" />
		</Unit>
		<Unit filename="source/main.h" />
		<Unit filename="source/notify_invalid.c">
			<Option compilerVar="CC" />
		</Unit>
		<Unit filename="source/notify_invalid.h" />
		<Unit filename="test/test.c">
			<Option compilerVar="CC" />
		</Unit>
		<Unit filename="test/test.h" />
		<Extensions>
			<code_completion />
			<envvars />
			<debugger />
		</Extensions>
	</Project>
</CodeBlocks_project_file>
